
Microsoft Visual Studio Solution File, Format Version 12.00
# Visual Studio Version 17
VisualStudioVersion = 17.4.33205.214
MinimumVisualStudioVersion = 10.0.40219.1
Project("{9A19103F-16F7-4668-BE54-9A1E7A4F7556}") = "BugTracker.BOL", "BugTracker.BOL\BugTracker.BOL.csproj", "{3A9A878E-76C0-46EF-BDC8-53C36474E70F}"
EndProject
Project("{9A19103F-16F7-4668-BE54-9A1E7A4F7556}") = "BugTracker.DAL", "BugTracker.DAL\BugTracker.DAL.csproj", "{AB385265-3B34-4428-804F-20DC98D32B2E}"
EndProject
Project("{9A19103F-16F7-4668-BE54-9A1E7A4F7556}") = "BugTracker.BLL", "BugTracker.BLL\BugTracker.BLL.csproj", "{78E1A30E-BE1E-4D95-8CAF-DC5A9BDA5AB0}"
EndProject
Project("{9A19103F-16F7-4668-BE54-9A1E7A4F7556}") = "BugTracker.API", "BugTracker.API\BugTracker.API.csproj", "{7871EFC6-08DB-44F2-8243-C5575A216B55}"
EndProject
Project("{FAE04EC0-301F-11D3-BF4B-00C04F79EFBC}") = "BugTracker.Web", "BugTracker.Web\BugTracker.Web.csproj", "{63D2D822-C5C3-4C14-A556-056D6FB525EA}"
EndProject
Global
	GlobalSection(SolutionConfigurationPlatforms) = preSolution
		Debug|Any CPU = Debug|Any CPU
		Release|Any CPU = Release|Any CPU
	EndGlobalSection
	GlobalSection(ProjectConfigurationPlatforms) = postSolution
		{3A9A878E-76C0-46EF-BDC8-53C36474E70F}.Debug|Any CPU.ActiveCfg = Debug|Any CPU
		{3A9A878E-76C0-46EF-BDC8-53C36474E70F}.Debug|Any CPU.Build.0 = Debug|Any CPU
		{3A9A878E-76C0-46EF-BDC8-53C36474E70F}.Release|Any CPU.ActiveCfg = Release|Any CPU
		{3A9A878E-76C0-46EF-BDC8-53C36474E70F}.Release|Any CPU.Build.0 = Release|Any CPU
		{AB385265-3B34-4428-804F-20DC98D32B2E}.Debug|Any CPU.ActiveCfg = Debug|Any CPU
		{AB385265-3B34-4428-804F-20DC98D32B2E}.Debug|Any CPU.Build.0 = Debug|Any CPU
		{AB385265-3B34-4428-804F-20DC98D32B2E}.Release|Any CPU.ActiveCfg = Release|Any CPU
		{AB385265-3B34-4428-804F-20DC98D32B2E}.Release|Any CPU.Build.0 = Release|Any CPU
		{78E1A30E-BE1E-4D95-8CAF-DC5A9BDA5AB0}.Debug|Any CPU.ActiveCfg = Debug|Any CPU
		{78E1A30E-BE1E-4D95-8CAF-DC5A9BDA5AB0}.Debug|Any CPU.Build.0 = Debug|Any CPU
		{78E1A30E-BE1E-4D95-8CAF-DC5A9BDA5AB0}.Release|Any CPU.ActiveCfg = Release|Any CPU
		{78E1A30E-BE1E-4D95-8CAF-DC5A9BDA5AB0}.Release|Any CPU.Build.0 = Release|Any CPU
		{7871EFC6-08DB-44F2-8243-C5575A216B55}.Debug|Any CPU.ActiveCfg = Debug|Any CPU
		{7871EFC6-08DB-44F2-8243-C5575A216B55}.Debug|Any CPU.Build.0 = Debug|Any CPU
		{7871EFC6-08DB-44F2-8243-C5575A216B55}.Release|Any CPU.ActiveCfg = Release|Any CPU
		{7871EFC6-08DB-44F2-8243-C5575A216B55}.Release|Any CPU.Build.0 = Release|Any CPU
		{63D2D822-C5C3-4C14-A556-056D6FB525EA}.Debug|Any CPU.ActiveCfg = Debug|Any CPU
		{63D2D822-C5C3-4C14-A556-056D6FB525EA}.Debug|Any CPU.Build.0 = Debug|Any CPU
		{63D2D822-C5C3-4C14-A556-056D6FB525EA}.Release|Any CPU.ActiveCfg = Release|Any CPU
		{63D2D822-C5C3-4C14-A556-056D6FB525EA}.Release|Any CPU.Build.0 = Release|Any CPU
	EndGlobalSection
	GlobalSection(SolutionProperties) = preSolution
		HideSolutionNode = FALSE
	EndGlobalSection
	GlobalSection(ExtensibilityGlobals) = postSolution
		SolutionGuid = {3881B435-40A8-4A21-ABCA-FDADA6824F02}
	EndGlobalSection
EndGlobal
